// !$*UTF8*$!
{
	archiveVersion = 1;
	classes = {
	};
	objectVersion = 46;
	objects = {

/* Begin PBXBuildFile section */
		8FB02D4A1C0977D400B960E4 /* main.m in Sources */ = {isa = PBXBuildFile; fileRef = 8FB02D491C0977D400B960E4 /* main.m */; };
		8FB02D4D1C0977D400B960E4 /* AppDelegate.m in Sources */ = {isa = PBXBuildFile; fileRef = 8FB02D4C1C0977D400B960E4 /* AppDelegate.m */; };
		8FB02D501C0977D400B960E4 /* ViewController.m in Sources */ = {isa = PBXBuildFile; fileRef = 8FB02D4F1C0977D400B960E4 /* ViewController.m */; };
		8FB02D531C0977D400B960E4 /* Main.storyboard in Resources */ = {isa = PBXBuildFile; fileRef = 8FB02D511C0977D400B960E4 /* Main.storyboard */; };
		8FB02D561C0977D400B960E4 /* CustomPinAnnotationView.xcdatamodeld in Sources */ = {isa = PBXBuildFile; fileRef = 8FB02D541C0977D400B960E4 /* CustomPinAnnotationView.xcdatamodeld */; };
		8FB02D581C0977D400B960E4 /* Assets.xcassets in Resources */ = {isa = PBXBuildFile; fileRef = 8FB02D571C0977D400B960E4 /* Assets.xcassets */; };
		8FB02D5B1C0977D400B960E4 /* LaunchScreen.storyboard in Resources */ = {isa = PBXBuildFile; fileRef = 8FB02D591C0977D400B960E4 /* LaunchScreen.storyboard */; };
		8FB02D661C0977D400B960E4 /* CustomPinAnnotationViewTests.m in Sources */ = {isa = PBXBuildFile; fileRef = 8FB02D651C0977D400B960E4 /* CustomPinAnnotationViewTests.m */; };
		8FB02D711C0977D400B960E4 /* CustomPinAnnotationViewUITests.m in Sources */ = {isa = PBXBuildFile; fileRef = 8FB02D701C0977D400B960E4 /* CustomPinAnnotationViewUITests.m */; };
		8FB02D841C09784F00B960E4 /* test01.jpg in Resources */ = {isa = PBXBuildFile; fileRef = 8FB02D801C09784F00B960E4 /* test01.jpg */; };
		8FB02D851C09784F00B960E4 /* test02.jpg in Resources */ = {isa = PBXBuildFile; fileRef = 8FB02D811C09784F00B960E4 /* test02.jpg */; };
		8FB02D861C09784F00B960E4 /* test03.jpg in Resources */ = {isa = PBXBuildFile; fileRef = 8FB02D821C09784F00B960E4 /* test03.jpg */; };
		8FB02D871C09784F00B960E4 /* test04.jpg in Resources */ = {isa = PBXBuildFile; fileRef = 8FB02D831C09784F00B960E4 /* test04.jpg */; };
		8FB02D8E1C09785D00B960E4 /* CustomMapOverlay.m in Sources */ = {isa = PBXBuildFile; fileRef = 8FB02D891C09785D00B960E4 /* CustomMapOverlay.m */; };
		8FB02D8F1C09785D00B960E4 /* MapPinAnnotationObj.m in Sources */ = {isa = PBXBuildFile; fileRef = 8FB02D8B1C09785D00B960E4 /* MapPinAnnotationObj.m */; };
		8FB02D901C09785D00B960E4 /* WildcardGestureRecognizer.m in Sources */ = {isa = PBXBuildFile; fileRef = 8FB02D8D1C09785D00B960E4 /* WildcardGestureRecognizer.m */; };
		8FB02D921C09786A00B960E4 /* MapKit.framework in Frameworks */ = {isa = PBXBuildFile; fileRef = 8FB02D911C09786A00B960E4 /* MapKit.framework */; };
		8FB02D971C09797000B960E4 /* CoreText.framework in Frameworks */ = {isa = PBXBuildFile; fileRef = 8FB02D961C09797000B960E4 /* CoreText.framework */; };
		8FB02D991C09797A00B960E4 /* CoreMotion.framework in Frameworks */ = {isa = PBXBuildFile; fileRef = 8FB02D981C09797A00B960E4 /* CoreMotion.framework */; };
		8FB02D9B1C09798300B960E4 /* CoreLocation.framework in Frameworks */ = {isa = PBXBuildFile; fileRef = 8FB02D9A1C09798300B960E4 /* CoreLocation.framework */; };
		8FB02D9D1C09798B00B960E4 /* AssetsLibrary.framework in Frameworks */ = {isa = PBXBuildFile; fileRef = 8FB02D9C1C09798B00B960E4 /* AssetsLibrary.framework */; };
		8FB02DA11C09799D00B960E4 /* Security.framework in Frameworks */ = {isa = PBXBuildFile; fileRef = 8FB02DA01C09799D00B960E4 /* Security.framework */; };
		8FB02DA31C0979A600B960E4 /* SystemConfiguration.framework in Frameworks */ = {isa = PBXBuildFile; fileRef = 8FB02DA21C0979A600B960E4 /* SystemConfiguration.framework */; };
		8FB02DA51C0979B000B960E4 /* CFNetwork.framework in Frameworks */ = {isa = PBXBuildFile; fileRef = 8FB02DA41C0979B000B960E4 /* CFNetwork.framework */; };
		8FB02DA71C0979B800B960E4 /* Foundation.framework in Frameworks */ = {isa = PBXBuildFile; fileRef = 8FB02DA61C0979B800B960E4 /* Foundation.framework */; };
		8FB02DA91C0979BF00B960E4 /* CoreGraphics.framework in Frameworks */ = {isa = PBXBuildFile; fileRef = 8FB02DA81C0979BF00B960E4 /* CoreGraphics.framework */; };
		8FB02DAB1C0979C600B960E4 /* UIKit.framework in Frameworks */ = {isa = PBXBuildFile; fileRef = 8FB02DAA1C0979C600B960E4 /* UIKit.framework */; };
		8FB02DAD1C0979E200B960E4 /* libz.tbd in Frameworks */ = {isa = PBXBuildFile; fileRef = 8FB02DAC1C0979E200B960E4 /* libz.tbd */; };
		8FB02DB01C09FD1A00B960E4 /* MBProgressHUD.m in Sources */ = {isa = PBXBuildFile; fileRef = 8FB02DAF1C09FD1A00B960E4 /* MBProgressHUD.m */; };
		8FB02DB31C09FD4400B960E4 /* BaseViewController.m in Sources */ = {isa = PBXBuildFile; fileRef = 8FB02DB21C09FD4400B960E4 /* BaseViewController.m */; };
/* End PBXBuildFile section */

/* Begin PBXContainerItemProxy section */
		8FB02D621C0977D400B960E4 /* PBXContainerItemProxy */ = {
			isa = PBXContainerItemProxy;
			containerPortal = 8FB02D3D1C0977D400B960E4 /* Project object */;
			proxyType = 1;
			remoteGlobalIDString = 8FB02D441C0977D400B960E4;
			remoteInfo = CustomPinAnnotationView;
		};
		8FB02D6D1C0977D400B960E4 /* PBXContainerItemProxy */ = {
			isa = PBXContainerItemProxy;
			containerPortal = 8FB02D3D1C0977D400B960E4 /* Project object */;
			proxyType = 1;
			remoteGlobalIDString = 8FB02D441C0977D400B960E4;
			remoteInfo = CustomPinAnnotationView;
		};
/* End PBXContainerItemProxy section */

/* Begin PBXFileReference section */
		8FB02D451C0977D400B960E4 /* CustomPinAnnotationView.app */ = {isa = PBXFileReference; explicitFileType = wrapper.application; includeInIndex = 0; path = CustomPinAnnotationView.app; sourceTree = BUILT_PRODUCTS_DIR; };
		8FB02D491C0977D400B960E4 /* main.m */ = {isa = PBXFileReference; lastKnownFileType = sourcecode.c.objc; path = main.m; sourceTree = "<group>"; };
		8FB02D4B1C0977D400B960E4 /* AppDelegate.h */ = {isa = PBXFileReference; lastKnownFileType = sourcecode.c.h; path = AppDelegate.h; sourceTree = "<group>"; };
		8FB02D4C1C0977D400B960E4 /* AppDelegate.m */ = {isa = PBXFileReference; lastKnownFileType = sourcecode.c.objc; path = AppDelegate.m; sourceTree = "<group>"; };
		8FB02D4E1C0977D400B960E4 /* ViewController.h */ = {isa = PBXFileReference; lastKnownFileType = sourcecode.c.h; path = ViewController.h; sourceTree = "<group>"; };
		8FB02D4F1C0977D400B960E4 /* ViewController.m */ = {isa = PBXFileReference; lastKnownFileType = sourcecode.c.objc; path = ViewController.m; sourceTree = "<group>"; };
		8FB02D521C0977D400B960E4 /* Base */ = {isa = PBXFileReference; lastKnownFileType = file.storyboard; name = Base; path = Base.lproj/Main.storyboard; sourceTree = "<group>"; };
		8FB02D551C0977D400B960E4 /* CustomPinAnnotationView.xcdatamodel */ = {isa = PBXFileReference; lastKnownFileType = wrapper.xcdatamodel; path = CustomPinAnnotationView.xcdatamodel; sourceTree = "<group>"; };
		8FB02D571C0977D400B960E4 /* Assets.xcassets */ = {isa = PBXFileReference; lastKnownFileType = folder.assetcatalog; path = Assets.xcassets; sourceTree = "<group>"; };
		8FB02D5A1C0977D400B960E4 /* Base */ = {isa = PBXFileReference; lastKnownFileType = file.storyboard; name = Base; path = Base.lproj/LaunchScreen.storyboard; sourceTree = "<group>"; };
		8FB02D5C1C0977D400B960E4 /* Info.plist */ = {isa = PBXFileReference; lastKnownFileType = text.plist.xml; path = Info.plist; sourceTree = "<group>"; };
		8FB02D611C0977D400B960E4 /* CustomPinAnnotationViewTests.xctest */ = {isa = PBXFileReference; explicitFileType = wrapper.cfbundle; includeInIndex = 0; path = CustomPinAnnotationViewTests.xctest; sourceTree = BUILT_PRODUCTS_DIR; };
		8FB02D651C0977D400B960E4 /* CustomPinAnnotationViewTests.m */ = {isa = PBXFileReference; lastKnownFileType = sourcecode.c.objc; path = CustomPinAnnotationViewTests.m; sourceTree = "<group>"; };
		8FB02D671C0977D400B960E4 /* Info.plist */ = {isa = PBXFileReference; lastKnownFileType = text.plist.xml; path = Info.plist; sourceTree = "<group>"; };
		8FB02D6C1C0977D400B960E4 /* CustomPinAnnotationViewUITests.xctest */ = {isa = PBXFileReference; explicitFileType = wrapper.cfbundle; includeInIndex = 0; path = CustomPinAnnotationViewUITests.xctest; sourceTree = BUILT_PRODUCTS_DIR; };
		8FB02D701C0977D400B960E4 /* CustomPinAnnotationViewUITests.m */ = {isa = PBXFileReference; lastKnownFileType = sourcecode.c.objc; path = CustomPinAnnotationViewUITests.m; sourceTree = "<group>"; };
		8FB02D721C0977D400B960E4 /* Info.plist */ = {isa = PBXFileReference; lastKnownFileType = text.plist.xml; path = Info.plist; sourceTree = "<group>"; };
		8FB02D801C09784F00B960E4 /* test01.jpg */ = {isa = PBXFileReference; lastKnownFileType = image.jpeg; name = test01.jpg; path = image/test01.jpg; sourceTree = "<group>"; };
		8FB02D811C09784F00B960E4 /* test02.jpg */ = {isa = PBXFileReference; lastKnownFileType = image.jpeg; name = test02.jpg; path = image/test02.jpg; sourceTree = "<group>"; };
		8FB02D821C09784F00B960E4 /* test03.jpg */ = {isa = PBXFileReference; lastKnownFileType = image.jpeg; name = test03.jpg; path = image/test03.jpg; sourceTree = "<group>"; };
		8FB02D831C09784F00B960E4 /* test04.jpg */ = {isa = PBXFileReference; lastKnownFileType = image.jpeg; name = test04.jpg; path = image/test04.jpg; sourceTree = "<group>"; };
		8FB02D881C09785D00B960E4 /* CustomMapOverlay.h */ = {isa = PBXFileReference; fileEncoding = 4; lastKnownFileType = sourcecode.c.h; name = CustomMapOverlay.h; path = tool/CustomMapOverlay.h; sourceTree = "<group>"; };
		8FB02D891C09785D00B960E4 /* CustomMapOverlay.m */ = {isa = PBXFileReference; fileEncoding = 4; lastKnownFileType = sourcecode.c.objc; name = CustomMapOverlay.m; path = tool/CustomMapOverlay.m; sourceTree = "<group>"; };
		8FB02D8A1C09785D00B960E4 /* MapPinAnnotationObj.h */ = {isa = PBXFileReference; fileEncoding = 4; lastKnownFileType = sourcecode.c.h; name = MapPinAnnotationObj.h; path = tool/MapPinAnnotationObj.h; sourceTree = "<group>"; };
		8FB02D8B1C09785D00B960E4 /* MapPinAnnotationObj.m */ = {isa = PBXFileReference; fileEncoding = 4; lastKnownFileType = sourcecode.c.objc; name = MapPinAnnotationObj.m; path = tool/MapPinAnnotationObj.m; sourceTree = "<group>"; };
		8FB02D8C1C09785D00B960E4 /* WildcardGestureRecognizer.h */ = {isa = PBXFileReference; fileEncoding = 4; lastKnownFileType = sourcecode.c.h; name = WildcardGestureRecognizer.h; path = tool/WildcardGestureRecognizer.h; sourceTree = "<group>"; };
		8FB02D8D1C09785D00B960E4 /* WildcardGestureRecognizer.m */ = {isa = PBXFileReference; fileEncoding = 4; lastKnownFileType = sourcecode.c.objc; name = WildcardGestureRecognizer.m; path = tool/WildcardGestureRecognizer.m; sourceTree = "<group>"; };
		8FB02D911C09786A00B960E4 /* MapKit.framework */ = {isa = PBXFileReference; lastKnownFileType = wrapper.framework; name = MapKit.framework; path = System/Library/Frameworks/MapKit.framework; sourceTree = SDKROOT; };
		8FB02D941C09796400B960E4 /* MediaPlayer.framework */ = {isa = PBXFileReference; lastKnownFileType = wrapper.framework; name = MediaPlayer.framework; path = System/Library/Frameworks/MediaPlayer.framework; sourceTree = SDKROOT; };
		8FB02D961C09797000B960E4 /* CoreText.framework */ = {isa = PBXFileReference; lastKnownFileType = wrapper.framework; name = CoreText.framework; path = System/Library/Frameworks/CoreText.framework; sourceTree = SDKROOT; };
		8FB02D981C09797A00B960E4 /* CoreMotion.framework */ = {isa = PBXFileReference; lastKnownFileType = wrapper.framework; name = CoreMotion.framework; path = System/Library/Frameworks/CoreMotion.framework; sourceTree = SDKROOT; };
		8FB02D9A1C09798300B960E4 /* CoreLocation.framework */ = {isa = PBXFileReference; lastKnownFileType = wrapper.framework; name = CoreLocation.framework; path = System/Library/Frameworks/CoreLocation.framework; sourceTree = SDKROOT; };
		8FB02D9C1C09798B00B960E4 /* AssetsLibrary.framework */ = {isa = PBXFileReference; lastKnownFileType = wrapper.framework; name = AssetsLibrary.framework; path = System/Library/Frameworks/AssetsLibrary.framework; sourceTree = SDKROOT; };
		8FB02D9E1C09799400B960E4 /* CoreData.framework */ = {isa = PBXFileReference; lastKnownFileType = wrapper.framework; name = CoreData.framework; path = System/Library/Frameworks/CoreData.framework; sourceTree = SDKROOT; };
		8FB02DA01C09799D00B960E4 /* Security.framework */ = {isa = PBXFileReference; lastKnownFileType = wrapper.framework; name = Security.framework; path = System/Library/Frameworks/Security.framework; sourceTree = SDKROOT; };
		8FB02DA21C0979A600B960E4 /* SystemConfiguration.framework */ = {isa = PBXFileReference; lastKnownFileType = wrapper.framework; name = SystemConfiguration.framework; path = System/Library/Frameworks/SystemConfiguration.framework; sourceTree = SDKROOT; };
		8FB02DA41C0979B000B960E4 /* CFNetwork.framework */ = {isa = PBXFileReference; lastKnownFileType = wrapper.framework; name = CFNetwork.framework; path = System/Library/Frameworks/CFNetwork.framework; sourceTree = SDKROOT; };
		8FB02DA61C0979B800B960E4 /* Foundation.framework */ = {isa = PBXFileReference; lastKnownFileType = wrapper.framework; name = Foundation.framework; path = System/Library/Frameworks/Foundation.framework; sourceTree = SDKROOT; };
		8FB02DA81C0979BF00B960E4 /* CoreGraphics.framework */ = {isa = PBXFileReference; lastKnownFileType = wrapper.framework; name = CoreGraphics.framework; path = System/Library/Frameworks/CoreGraphics.framework; sourceTree = SDKROOT; };
		8FB02DAA1C0979C600B960E4 /* UIKit.framework */ = {isa = PBXFileReference; lastKnownFileType = wrapper.framework; name = UIKit.framework; path = System/Library/Frameworks/UIKit.framework; sourceTree = SDKROOT; };
		8FB02DAC1C0979E200B960E4 /* libz.tbd */ = {isa = PBXFileReference; lastKnownFileType = "sourcecode.text-based-dylib-definition"; name = libz.tbd; path = usr/lib/libz.tbd; sourceTree = SDKROOT; };
		8FB02DAE1C09FD1A00B960E4 /* MBProgressHUD.h */ = {isa = PBXFileReference; fileEncoding = 4; lastKnownFileType = sourcecode.c.h; name = MBProgressHUD.h; path = tool/MBProgressHUD.h; sourceTree = "<group>"; };
		8FB02DAF1C09FD1A00B960E4 /* MBProgressHUD.m */ = {isa = PBXFileReference; fileEncoding = 4; lastKnownFileType = sourcecode.c.objc; name = MBProgressHUD.m; path = tool/MBProgressHUD.m; sourceTree = "<group>"; };
		8FB02DB11C09FD4400B960E4 /* BaseViewController.h */ = {isa = PBXFileReference; fileEncoding = 4; lastKnownFileType = sourcecode.c.h; path = BaseViewController.h; sourceTree = "<group>"; };
		8FB02DB21C09FD4400B960E4 /* BaseViewController.m */ = {isa = PBXFileReference; fileEncoding = 4; lastKnownFileType = sourcecode.c.objc; path = BaseViewController.m; sourceTree = "<group>"; };
/* End PBXFileReference section */

/* Begin PBXFrameworksBuildPhase section */
		8FB02D421C0977D400B960E4 /* Frameworks */ = {
			isa = PBXFrameworksBuildPhase;
			buildActionMask = 2147483647;
			files = (
				8FB02DAD1C0979E200B960E4 /* libz.tbd in Frameworks */,
				8FB02DAB1C0979C600B960E4 /* UIKit.framework in Frameworks */,
				8FB02DA91C0979BF00B960E4 /* CoreGraphics.framework in Frameworks */,
				8FB02DA71C0979B800B960E4 /* Foundation.framework in Frameworks */,
				8FB02DA51C0979B000B960E4 /* CFNetwork.framework in Frameworks */,
				8FB02DA31C0979A600B960E4 /* SystemConfiguration.framework in Frameworks */,
				8FB02DA11C09799D00B960E4 /* Security.framework in Frameworks */,
				8FB02D9D1C09798B00B960E4 /* AssetsLibrary.framework in Frameworks */,
				8FB02D9B1C09798300B960E4 /* CoreLocation.framework in Frameworks */,
				8FB02D991C09797A00B960E4 /* CoreMotion.framework in Frameworks */,
				8FB02D971C09797000B960E4 /* CoreText.framework in Frameworks */,
				8FB02D921C09786A00B960E4 /* MapKit.framework in Frameworks */,
			);
			runOnlyForDeploymentPostprocessing = 0;
		};
		8FB02D5E1C0977D400B960E4 /* Frameworks */ = {
			isa = PBXFrameworksBuildPhase;
			buildActionMask = 2147483647;
			files = (
			);
			runOnlyForDeploymentPostprocessing = 0;
		};
		8FB02D691C0977D400B960E4 /* Frameworks */ = {
			isa = PBXFrameworksBuildPhase;
			buildActionMask = 2147483647;
			files = (
			);
			runOnlyForDeploymentPostprocessing = 0;
		};
/* End PBXFrameworksBuildPhase section */

/* Begin PBXGroup section */
		8FB02D3C1C0977D400B960E4 = {
			isa = PBXGroup;
			children = (
				8FB02D471C0977D400B960E4 /* CustomPinAnnotationView */,
				8FB02D641C0977D400B960E4 /* CustomPinAnnotationViewTests */,
				8FB02D6F1C0977D400B960E4 /* CustomPinAnnotationViewUITests */,
				8FB02D461C0977D400B960E4 /* Products */,
			);
			sourceTree = "<group>";
		};
		8FB02D461C0977D400B960E4 /* Products */ = {
			isa = PBXGroup;
			children = (
				8FB02D451C0977D400B960E4 /* CustomPinAnnotationView.app */,
				8FB02D611C0977D400B960E4 /* CustomPinAnnotationViewTests.xctest */,
				8FB02D6C1C0977D400B960E4 /* CustomPinAnnotationViewUITests.xctest */,
			);
			name = Products;
			sourceTree = "<group>";
		};
		8FB02D471C0977D400B960E4 /* CustomPinAnnotationView */ = {
			isa = PBXGroup;
			children = (
				8FB02D4B1C0977D400B960E4 /* AppDelegate.h */,
				8FB02D4C1C0977D400B960E4 /* AppDelegate.m */,
				8FB02D571C0977D400B960E4 /* Assets.xcassets */,
				8FB02DB11C09FD4400B960E4 /* BaseViewController.h */,
				8FB02DB21C09FD4400B960E4 /* BaseViewController.m */,
				8FB02D541C0977D400B960E4 /* CustomPinAnnotationView.xcdatamodeld */,
				8FB02D931C09788500B960E4 /* framework */,
				8FB02D7F1C09784200B960E4 /* image */,
				8FB02D5C1C0977D400B960E4 /* Info.plist */,
				8FB02D591C0977D400B960E4 /* LaunchScreen.storyboard */,
				8FB02D511C0977D400B960E4 /* Main.storyboard */,
				8FB02D481C0977D400B960E4 /* Supporting Files */,
				8FB02D7E1C09783E00B960E4 /* tool */,
				8FB02D4E1C0977D400B960E4 /* ViewController.h */,
				8FB02D4F1C0977D400B960E4 /* ViewController.m */,
			);
			path = CustomPinAnnotationView;
			sourceTree = "<group>";
		};
		8FB02D481C0977D400B960E4 /* Supporting Files */ = {
			isa = PBXGroup;
			children = (
				8FB02D491C0977D400B960E4 /* main.m */,
			);
			name = "Supporting Files";
			sourceTree = "<group>";
		};
		8FB02D641C0977D400B960E4 /* CustomPinAnnotationViewTests */ = {
			isa = PBXGroup;
			children = (
				8FB02D651C0977D400B960E4 /* CustomPinAnnotationViewTests.m */,
				8FB02D671C0977D400B960E4 /* Info.plist */,
			);
			path = CustomPinAnnotationViewTests;
			sourceTree = "<group>";
		};
		8FB02D6F1C0977D400B960E4 /* CustomPinAnnotationViewUITests */ = {
			isa = PBXGroup;
			children = (
				8FB02D701C0977D400B960E4 /* CustomPinAnnotationViewUITests.m */,
				8FB02D721C0977D400B960E4 /* Info.plist */,
			);
			path = CustomPinAnnotationViewUITests;
			sourceTree = "<group>";
		};
		8FB02D7E1C09783E00B960E4 /* tool */ = {
			isa = PBXGroup;
			children = (
				8FB02DAE1C09FD1A00B960E4 /* MBProgressHUD.h */,
				8FB02DAF1C09FD1A00B960E4 /* MBProgressHUD.m */,
				8FB02D881C09785D00B960E4 /* CustomMapOverlay.h */,
				8FB02D891C09785D00B960E4 /* CustomMapOverlay.m */,
				8FB02D8A1C09785D00B960E4 /* MapPinAnnotationObj.h */,
				8FB02D8B1C09785D00B960E4 /* MapPinAnnotationObj.m */,
				8FB02D8C1C09785D00B960E4 /* WildcardGestureRecognizer.h */,
				8FB02D8D1C09785D00B960E4 /* WildcardGestureRecognizer.m */,
			);
			name = tool;
			sourceTree = "<group>";
		};
		8FB02D7F1C09784200B960E4 /* image */ = {
			isa = PBXGroup;
			children = (
				8FB02D801C09784F00B960E4 /* test01.jpg */,
				8FB02D811C09784F00B960E4 /* test02.jpg */,
				8FB02D821C09784F00B960E4 /* test03.jpg */,
				8FB02D831C09784F00B960E4 /* test04.jpg */,
			);
			name = image;
			sourceTree = "<group>";
		};
		8FB02D931C09788500B960E4 /* framework */ = {
			isa = PBXGroup;
			children = (
				8FB02DAC1C0979E200B960E4 /* libz.tbd */,
				8FB02DAA1C0979C600B960E4 /* UIKit.framework */,
				8FB02DA81C0979BF00B960E4 /* CoreGraphics.framework */,
				8FB02DA61C0979B800B960E4 /* Foundation.framework */,
				8FB02DA41C0979B000B960E4 /* CFNetwork.framework */,
				8FB02DA21C0979A600B960E4 /* SystemConfiguration.framework */,
				8FB02DA01C09799D00B960E4 /* Security.framework */,
				8FB02D9E1C09799400B960E4 /* CoreData.framework */,
				8FB02D9C1C09798B00B960E4 /* AssetsLibrary.framework */,
				8FB02D9A1C09798300B960E4 /* CoreLocation.framework */,
				8FB02D981C09797A00B960E4 /* CoreMotion.framework */,
				8FB02D961C09797000B960E4 /* CoreText.framework */,
				8FB02D941C09796400B960E4 /* MediaPlayer.framework */,
				8FB02D911C09786A00B960E4 /* MapKit.framework */,
			);
			name = framework;
			sourceTree = "<group>";
		};
/* End PBXGroup section */

/* Begin PBXNativeTarget section */
		8FB02D441C0977D400B960E4 /* CustomPinAnnotationView */ = {
			isa = PBXNativeTarget;
			buildConfigurationList = 8FB02D751C0977D400B960E4 /* Build configuration list for PBXNativeTarget "CustomPinAnnotationView" */;
			buildPhases = (
				8FB02D411C0977D400B960E4 /* Sources */,
				8FB02D421C0977D400B960E4 /* Frameworks */,
				8FB02D431C0977D400B960E4 /* Resources */,
			);
			buildRules = (
			);
			dependencies = (
			);
			name = CustomPinAnnotationView;
			productName = CustomPinAnnotationView;
			productReference = 8FB02D451C0977D400B960E4 /* CustomPinAnnotationView.app */;
			productType = "com.apple.product-type.application";
		};
		8FB02D601C0977D400B960E4 /* CustomPinAnnotationViewTests */ = {
			isa = PBXNativeTarget;
			buildConfigurationList = 8FB02D781C0977D400B960E4 /* Build configuration list for PBXNativeTarget "CustomPinAnnotationViewTests" */;
			buildPhases = (
				8FB02D5D1C0977D400B960E4 /* Sources */,
				8FB02D5E1C0977D400B960E4 /* Frameworks */,
				8FB02D5F1C0977D400B960E4 /* Resources */,
			);
			buildRules = (
			);
			dependencies = (
				8FB02D631C0977D400B960E4 /* PBXTargetDependency */,
			);
			name = CustomPinAnnotationViewTests;
			productName = CustomPinAnnotationViewTests;
			productReference = 8FB02D611C0977D400B960E4 /* CustomPinAnnotationViewTests.xctest */;
			productType = "com.apple.product-type.bundle.unit-test";
		};
		8FB02D6B1C0977D400B960E4 /* CustomPinAnnotationViewUITests */ = {
			isa = PBXNativeTarget;
			buildConfigurationList = 8FB02D7B1C0977D400B960E4 /* Build configuration list for PBXNativeTarget "CustomPinAnnotationViewUITests" */;
			buildPhases = (
				8FB02D681C0977D400B960E4 /* Sources */,
				8FB02D691C0977D400B960E4 /* Frameworks */,
				8FB02D6A1C0977D400B960E4 /* Resources */,
			);
			buildRules = (
			);
			dependencies = (
				8FB02D6E1C0977D400B960E4 /* PBXTargetDependency */,
			);
			name = CustomPinAnnotationViewUITests;
			productName = CustomPinAnnotationViewUITests;
			productReference = 8FB02D6C1C0977D400B960E4 /* CustomPinAnnotationViewUITests.xctest */;
			productType = "com.apple.product-type.bundle.ui-testing";
		};
/* End PBXNativeTarget section */

/* Begin PBXProject section */
		8FB02D3D1C0977D400B960E4 /* Project object */ = {
			isa = PBXProject;
			attributes = {
				LastUpgradeCheck = 0710;
				ORGANIZATIONNAME = SunXiaoShan;
				TargetAttributes = {
					8FB02D441C0977D400B960E4 = {
						CreatedOnToolsVersion = 7.1.1;
						SystemCapabilities = {
							com.apple.Maps.iOS = {
								enabled = 1;
							};
						};
					};
					8FB02D601C0977D400B960E4 = {
						CreatedOnToolsVersion = 7.1.1;
						TestTargetID = 8FB02D441C0977D400B960E4;
					};
					8FB02D6B1C0977D400B960E4 = {
						CreatedOnToolsVersion = 7.1.1;
						TestTargetID = 8FB02D441C0977D400B960E4;
					};
				};
			};
			buildConfigurationList = 8FB02D401C0977D400B960E4 /* Build configuration list for PBXProject "CustomPinAnnotationView" */;
			compatibilityVersion = "Xcode 3.2";
			developmentRegion = English;
			hasScannedForEncodings = 0;
			knownRegions = (
				en,
				Base,
			);
			mainGroup = 8FB02D3C1C0977D400B960E4;
			productRefGroup = 8FB02D461C0977D400B960E4 /* Products */;
			projectDirPath = "";
			projectRoot = "";
			targets = (
				8FB02D441C0977D400B960E4 /* CustomPinAnnotationView */,
				8FB02D601C0977D400B960E4 /* CustomPinAnnotationViewTests */,
				8FB02D6B1C0977D400B960E4 /* CustomPinAnnotationViewUITests */,
			);
		};
/* End PBXProject section */

/* Begin PBXResourcesBuildPhase section */
		8FB02D431C0977D400B960E4 /* Resources */ = {
			isa = PBXResourcesBuildPhase;
			buildActionMask = 2147483647;
			files = (
				8FB02D5B1C0977D400B960E4 /* LaunchScreen.storyboard in Resources */,
				8FB02D581C0977D400B960E4 /* Assets.xcassets in Resources */,
				8FB02D871C09784F00B960E4 /* test04.jpg in Resources */,
				8FB02D841C09784F00B960E4 /* test01.jpg in Resources */,
				8FB02D851C09784F00B960E4 /* test02.jpg in Resources */,
				8FB02D861C09784F00B960E4 /* test03.jpg in Resources */,
				8FB02D531C0977D400B960E4 /* Main.storyboard in Resources */,
			);
			runOnlyForDeploymentPostprocessing = 0;
		};
		8FB02D5F1C0977D400B960E4 /* Resources */ = {
			isa = PBXResourcesBuildPhase;
			buildActionMask = 2147483647;
			files = (
			);
			runOnlyForDeploymentPostprocessing = 0;
		};
		8FB02D6A1C0977D400B960E4 /* Resources */ = {
			isa = PBXResourcesBuildPhase;
			buildActionMask = 2147483647;
			files = (
			);
			runOnlyForDeploymentPostprocessing = 0;
		};
/* End PBXResourcesBuildPhase section */

/* Begin PBXSourcesBuildPhase section */
		8FB02D411C0977D400B960E4 /* Sources */ = {
			isa = PBXSourcesBuildPhase;
			buildActionMask = 2147483647;
			files = (
				8FB02D561C0977D400B960E4 /* CustomPinAnnotationView.xcdatamodeld in Sources */,
				8FB02DB31C09FD4400B960E4 /* BaseViewController.m in Sources */,
				8FB02D901C09785D00B960E4 /* WildcardGestureRecognizer.m in Sources */,
				8FB02D501C0977D400B960E4 /* ViewController.m in Sources */,
				8FB02D4D1C0977D400B960E4 /* AppDelegate.m in Sources */,
				8FB02D4A1C0977D400B960E4 /* main.m in Sources */,
				8FB02D8E1C09785D00B960E4 /* CustomMapOverlay.m in Sources */,
				8FB02D8F1C09785D00B960E4 /* MapPinAnnotationObj.m in Sources */,
				8FB02DB01C09FD1A00B960E4 /* MBProgressHUD.m in Sources */,
			);
			runOnlyForDeploymentPostprocessing = 0;
		};
		8FB02D5D1C0977D400B960E4 /* Sources */ = {
			isa = PBXSourcesBuildPhase;
			buildActionMask = 2147483647;
			files = (
				8FB02D661C0977D400B960E4 /* CustomPinAnnotationViewTests.m in Sources */,
			);
			runOnlyForDeploymentPostprocessing = 0;
		};
		8FB02D681C0977D400B960E4 /* Sources */ = {
			isa = PBXSourcesBuildPhase;
			buildActionMask = 2147483647;
			files = (
				8FB02D711C0977D400B960E4 /* CustomPinAnnotationViewUITests.m in Sources */,
			);
			runOnlyForDeploymentPostprocessing = 0;
		};
/* End PBXSourcesBuildPhase section */

/* Begin PBXTargetDependency section */
		8FB02D631C0977D400B960E4 /* PBXTargetDependency */ = {
			isa = PBXTargetDependency;
			target = 8FB02D441C0977D400B960E4 /* CustomPinAnnotationView */;
			targetProxy = 8FB02D621C0977D400B960E4 /* PBXContainerItemProxy */;
		};
		8FB02D6E1C0977D400B960E4 /* PBXTargetDependency */ = {
			isa = PBXTargetDependency;
			target = 8FB02D441C0977D400B960E4 /* CustomPinAnnotationView */;
			targetProxy = 8FB02D6D1C0977D400B960E4 /* PBXContainerItemProxy */;
		};
/* End PBXTargetDependency section */

/* Begin PBXVariantGroup section */
		8FB02D511C0977D400B960E4 /* Main.storyboard */ = {
			isa = PBXVariantGroup;
			children = (
				8FB02D521C0977D400B960E4 /* Base */,
			);
			name = Main.storyboard;
			sourceTree = "<group>";
		};
		8FB02D591C0977D400B960E4 /* LaunchScreen.storyboard */ = {
			isa = PBXVariantGroup;
			children = (
				8FB02D5A1C0977D400B960E4 /* Base */,
			);
			name = LaunchScreen.storyboard;
			sourceTree = "<group>";
		};
/* End PBXVariantGroup section */

/* Begin XCBuildConfiguration section */
		8FB02D731C0977D400B960E4 /* Debug */ = {
			isa = XCBuildConfiguration;
			buildSettings = {
				ALWAYS_SEARCH_USER_PATHS = NO;
				CLANG_CXX_LANGUAGE_STANDARD = "gnu++0x";
				CLANG_CXX_LIBRARY = "libc++";
				CLANG_ENABLE_MODULES = YES;
				CLANG_ENABLE_OBJC_ARC = YES;
				CLANG_WARN_BOOL_CONVERSION = YES;
				CLANG_WARN_CONSTANT_CONVERSION = YES;
				CLANG_WARN_DIRECT_OBJC_ISA_USAGE = YES_ERROR;
				CLANG_WARN_EMPTY_BODY = YES;
				CLANG_WARN_ENUM_CONVERSION = YES;
				CLANG_WARN_INT_CONVERSION = YES;
				CLANG_WARN_OBJC_ROOT_CLASS = YES_ERROR;
				CLANG_WARN_UNREACHABLE_CODE = YES;
				CLANG_WARN__DUPLICATE_METHOD_MATCH = YES;
				"CODE_SIGN_IDENTITY[sdk=iphoneos*]" = "iPhone Developer";
				COPY_PHASE_STRIP = NO;
				DEBUG_INFORMATION_FORMAT = dwarf;
				ENABLE_STRICT_OBJC_MSGSEND = YES;
				ENABLE_TESTABILITY = YES;
				GCC_C_LANGUAGE_STANDARD = gnu99;
				GCC_DYNAMIC_NO_PIC = NO;
				GCC_NO_COMMON_BLOCKS = YES;
				GCC_OPTIMIZATION_LEVEL = 0;
				GCC_PREPROCESSOR_DEFINITIONS = (
					"DEBUG=1",
					"$(inherited)",
				);
				GCC_WARN_64_TO_32_BIT_CONVERSION = YES;
				GCC_WARN_ABOUT_RETURN_TYPE = YES_ERROR;
				GCC_WARN_UNDECLARED_SELECTOR = YES;
				GCC_WARN_UNINITIALIZED_AUTOS = YES_AGGRESSIVE;
				GCC_WARN_UNUSED_FUNCTION = YES;
				GCC_WARN_UNUSED_VARIABLE = YES;
				IPHONEOS_DEPLOYMENT_TARGET = 9.1;
				MTL_ENABLE_DEBUG_INFO = YES;
				ONLY_ACTIVE_ARCH = YES;
				SDKROOT = iphoneos;
			};
			name = Debug;
		};
		8FB02D741C0977D400B960E4 /* Release */ = {
			isa = XCBuildConfiguration;
			buildSettings = {
				ALWAYS_SEARCH_USER_PATHS = NO;
				CLANG_CXX_LANGUAGE_STANDARD = "gnu++0x";
				CLANG_CXX_LIBRARY = "libc++";
				CLANG_ENABLE_MODULES = YES;
				CLANG_ENABLE_OBJC_ARC = YES;
				CLANG_WARN_BOOL_CONVERSION = YES;
				CLANG_WARN_CONSTANT_CONVERSION = YES;
				CLANG_WARN_DIRECT_OBJC_ISA_USAGE = YES_ERROR;
				CLANG_WARN_EMPTY_BODY = YES;
				CLANG_WARN_ENUM_CONVERSION = YES;
				CLANG_WARN_INT_CONVERSION = YES;
				CLANG_WARN_OBJC_ROOT_CLASS = YES_ERROR;
				CLANG_WARN_UNREACHABLE_CODE = YES;
				CLANG_WARN__DUPLICATE_METHOD_MATCH = YES;
				"CODE_SIGN_IDENTITY[sdk=iphoneos*]" = "iPhone Developer";
				COPY_PHASE_STRIP = NO;
				DEBUG_INFORMATION_FORMAT = "dwarf-with-dsym";
				ENABLE_NS_ASSERTIONS = NO;
				ENABLE_STRICT_OBJC_MSGSEND = YES;
				GCC_C_LANGUAGE_STANDARD = gnu99;
				GCC_NO_COMMON_BLOCKS = YES;
				GCC_WARN_64_TO_32_BIT_CONVERSION = YES;
				GCC_WARN_ABOUT_RETURN_TYPE = YES_ERROR;
				GCC_WARN_UNDECLARED_SELECTOR = YES;
				GCC_WARN_UNINITIALIZED_AUTOS = YES_AGGRESSIVE;
				GCC_WARN_UNUSED_FUNCTION = YES;
				GCC_WARN_UNUSED_VARIABLE = YES;
				IPHONEOS_DEPLOYMENT_TARGET = 9.1;
				MTL_ENABLE_DEBUG_INFO = NO;
				SDKROOT = iphoneos;
				VALIDATE_PRODUCT = YES;
			};
			name = Release;
		};
		8FB02D761C0977D400B960E4 /* Debug */ = {
			isa = XCBuildConfiguration;
			buildSettings = {
				ASSETCATALOG_COMPILER_APPICON_NAME = AppIcon;
				INFOPLIST_FILE = CustomPinAnnotationView/Info.plist;
				LD_RUNPATH_SEARCH_PATHS = "$(inherited) @executable_path/Frameworks";
				PRODUCT_BUNDLE_IDENTIFIER = com.blackloud.CustomPinAnnotationView;
				PRODUCT_NAME = "$(TARGET_NAME)";
			};
			name = Debug;
		};
		8FB02D771C0977D400B960E4 /* Release */ = {
			isa = XCBuildConfiguration;
			buildSettings = {
				ASSETCATALOG_COMPILER_APPICON_NAME = AppIcon;
				INFOPLIST_FILE = CustomPinAnnotationView/Info.plist;
				LD_RUNPATH_SEARCH_PATHS = "$(inherited) @executable_path/Frameworks";
				PRODUCT_BUNDLE_IDENTIFIER = com.blackloud.CustomPinAnnotationView;
				PRODUCT_NAME = "$(TARGET_NAME)";
			};
			name = Release;
		};
		8FB02D791C0977D400B960E4 /* Debug */ = {
			isa = XCBuildConfiguration;
			buildSettings = {
				BUNDLE_LOADER = "$(TEST_HOST)";
				INFOPLIST_FILE = CustomPinAnnotationViewTests/Info.plist;
				LD_RUNPATH_SEARCH_PATHS = "$(inherited) @executable_path/Frameworks @loader_path/Frameworks";
				PRODUCT_BUNDLE_IDENTIFIER = com.blackloud.CustomPinAnnotationViewTests;
				PRODUCT_NAME = "$(TARGET_NAME)";
				TEST_HOST = "$(BUILT_PRODUCTS_DIR)/CustomPinAnnotationView.app/CustomPinAnnotationView";
			};
			name = Debug;
		};
		8FB02D7A1C0977D400B960E4 /* Release */ = {
			isa = XCBuildConfiguration;
			buildSettings = {
				BUNDLE_LOADER = "$(TEST_HOST)";
				INFOPLIST_FILE = CustomPinAnnotationViewTests/Info.plist;
				LD_RUNPATH_SEARCH_PATHS = "$(inherited) @executable_path/Frameworks @loader_path/Frameworks";
				PRODUCT_BUNDLE_IDENTIFIER = com.blackloud.CustomPinAnnotationViewTests;
				PRODUCT_NAME = "$(TARGET_NAME)";
				TEST_HOST = "$(BUILT_PRODUCTS_DIR)/CustomPinAnnotationView.app/CustomPinAnnotationView";
			};
			name = Release;
		};
		8FB02D7C1C0977D400B960E4 /* Debug */ = {
			isa = XCBuildConfiguration;
			buildSettings = {
				INFOPLIST_FILE = CustomPinAnnotationViewUITests/Info.plist;
				LD_RUNPATH_SEARCH_PATHS = "$(inherited) @executable_path/Frameworks @loader_path/Frameworks";
				PRODUCT_BUNDLE_IDENTIFIER = com.blackloud.CustomPinAnnotationViewUITests;
				PRODUCT_NAME = "$(TARGET_NAME)";
				TEST_TARGET_NAME = CustomPinAnnotationView;
				USES_XCTRUNNER = YES;
			};
			name = Debug;
		};
		8FB02D7D1C0977D400B960E4 /* Release */ = {
			isa = XCBuildConfiguration;
			buildSettings = {
				INFOPLIST_FILE = CustomPinAnnotationViewUITests/Info.plist;
				LD_RUNPATH_SEARCH_PATHS = "$(inherited) @executable_path/Frameworks @loader_path/Frameworks";
				PRODUCT_BUNDLE_IDENTIFIER = com.blackloud.CustomPinAnnotationViewUITests;
				PRODUCT_NAME = "$(TARGET_NAME)";
				TEST_TARGET_NAME = CustomPinAnnotationView;
				USES_XCTRUNNER = YES;
			};
			name = Release;
		};
/* End XCBuildConfiguration section */

/* Begin XCConfigurationList section */
		8FB02D401C0977D400B960E4 /* Build configuration list for PBXProject "CustomPinAnnotationView" */ = {
			isa = XCConfigurationList;
			buildConfigurations = (
				8FB02D731C0977D400B960E4 /* Debug */,
				8FB02D741C0977D400B960E4 /* Release */,
			);
			defaultConfigurationIsVisible = 0;
			defaultConfigurationName = Release;
		};
		8FB02D751C0977D400B960E4 /* Build configuration list for PBXNativeTarget "CustomPinAnnotationView" */ = {
			isa = XCConfigurationList;
			buildConfigurations = (
				8FB02D761C0977D400B960E4 /* Debug */,
				8FB02D771C0977D400B960E4 /* Release */,
			);
			defaultConfigurationIsVisible = 0;
			defaultConfigurationName = Release;
		};
		8FB02D781C0977D400B960E4 /* Build configuration list for PBXNativeTarget "CustomPinAnnotationViewTests" */ = {
			isa = XCConfigurationList;
			buildConfigurations = (
				8FB02D791C0977D400B960E4 /* Debug */,
				8FB02D7A1C0977D400B960E4 /* Release */,
			);
			defaultConfigurationIsVisible = 0;
			defaultConfigurationName = Release;
		};
		8FB02D7B1C0977D400B960E4 /* Build configuration list for PBXNativeTarget "CustomPinAnnotationViewUITests" */ = {
			isa = XCConfigurationList;
			buildConfigurations = (
				8FB02D7C1C0977D400B960E4 /* Debug */,
				8FB02D7D1C0977D400B960E4 /* Release */,
			);
			defaultConfigurationIsVisible = 0;
			defaultConfigurationName = Release;
		};
/* End XCConfigurationList section */

/* Begin XCVersionGroup section */
		8FB02D541C0977D400B960E4 /* CustomPinAnnotationView.xcdatamodeld */ = {
			isa = XCVersionGroup;
			children = (
				8FB02D551C0977D400B960E4 /* CustomPinAnnotationView.xcdatamodel */,
			);
			currentVersion = 8FB02D551C0977D400B960E4 /* CustomPinAnnotationView.xcdatamodel */;
			path = CustomPinAnnotationView.xcdatamodeld;
			sourceTree = "<group>";
			versionGroupType = wrapper.xcdatamodel;
		};
/* End XCVersionGroup section */
	};
	rootObject = 8FB02D3D1C0977D400B960E4 /* Project object */;
}
